
Microsoft Visual Studio Solution File, Format Version 12.00
# Visual Studio Version 17
VisualStudioVersion = 17.7.34024.191
MinimumVisualStudioVersion = 10.0.40219.1
Project("{FAE04EC0-301F-11D3-BF4B-00C04F79EFBC}") = "ConsoleApp1", "ConsoleApp1\ConsoleApp1.csproj", "{852FE553-9EF6-4EE1-B37D-51E3DE0BED3A}"
EndProject
Project("{FAE04EC0-301F-11D3-BF4B-00C04F79EFBC}") = "Task2Lib", "Task2Lib\Task2Lib.csproj", "{374BF554-49E5-4918-B69C-41C585BCDF89}"
EndProject
Project("{FAE04EC0-301F-11D3-BF4B-00C04F79EFBC}") = "ConsoleApp2", "ConsoleApp2\ConsoleApp2.csproj", "{D772DB2F-3568-4C14-ADA8-2BD5546EC503}"
EndProject
Global
	GlobalSection(SolutionConfigurationPlatforms) = preSolution
		Debug|Any CPU = Debug|Any CPU
		Release|Any CPU = Release|Any CPU
	EndGlobalSection
	GlobalSection(ProjectConfigurationPlatforms) = postSolution
		{852FE553-9EF6-4EE1-B37D-51E3DE0BED3A}.Debug|Any CPU.ActiveCfg = Debug|Any CPU
		{852FE553-9EF6-4EE1-B37D-51E3DE0BED3A}.Debug|Any CPU.Build.0 = Debug|Any CPU
		{852FE553-9EF6-4EE1-B37D-51E3DE0BED3A}.Release|Any CPU.ActiveCfg = Release|Any CPU
		{852FE553-9EF6-4EE1-B37D-51E3DE0BED3A}.Release|Any CPU.Build.0 = Release|Any CPU
		{374BF554-49E5-4918-B69C-41C585BCDF89}.Debug|Any CPU.ActiveCfg = Debug|Any CPU
		{374BF554-49E5-4918-B69C-41C585BCDF89}.Debug|Any CPU.Build.0 = Debug|Any CPU
		{374BF554-49E5-4918-B69C-41C585BCDF89}.Release|Any CPU.ActiveCfg = Release|Any CPU
		{374BF554-49E5-4918-B69C-41C585BCDF89}.Release|Any CPU.Build.0 = Release|Any CPU
		{D772DB2F-3568-4C14-ADA8-2BD5546EC503}.Debug|Any CPU.ActiveCfg = Debug|Any CPU
		{D772DB2F-3568-4C14-ADA8-2BD5546EC503}.Debug|Any CPU.Build.0 = Debug|Any CPU
		{D772DB2F-3568-4C14-ADA8-2BD5546EC503}.Release|Any CPU.ActiveCfg = Release|Any CPU
		{D772DB2F-3568-4C14-ADA8-2BD5546EC503}.Release|Any CPU.Build.0 = Release|Any CPU
	EndGlobalSection
	GlobalSection(SolutionProperties) = preSolution
		HideSolutionNode = FALSE
	EndGlobalSection
	GlobalSection(ExtensibilityGlobals) = postSolution
		SolutionGuid = {45A9ED2A-9489-4A24-A017-476546C144BF}
	EndGlobalSection
EndGlobal
