
Microsoft Visual Studio Solution File, Format Version 12.00
# Visual Studio Version 17
VisualStudioVersion = 17.7.34024.191
MinimumVisualStudioVersion = 10.0.40219.1
Project("{FAE04EC0-301F-11D3-BF4B-00C04F79EFBC}") = "Task01", "Task01\Task01.csproj", "{F17B93F0-AF60-4B73-A6A0-6CD104B8D281}"
EndProject
Project("{FAE04EC0-301F-11D3-BF4B-00C04F79EFBC}") = "Task01Lib", "Task01Lib\Task01Lib.csproj", "{8305B678-D794-4B02-BDEE-406A4FE29D0C}"
EndProject
Project("{FAE04EC0-301F-11D3-BF4B-00C04F79EFBC}") = "Task02", "Task02\Task02.csproj", "{972FC54E-7B70-4B51-A7FA-9AD50F27A538}"
EndProject
Project("{FAE04EC0-301F-11D3-BF4B-00C04F79EFBC}") = "Task03", "Task03\Task03.csproj", "{BF1D4BAE-EFBB-4096-B3F2-6405E1F2EBA1}"
EndProject
Global
	GlobalSection(SolutionConfigurationPlatforms) = preSolution
		Debug|Any CPU = Debug|Any CPU
		Release|Any CPU = Release|Any CPU
	EndGlobalSection
	GlobalSection(ProjectConfigurationPlatforms) = postSolution
		{F17B93F0-AF60-4B73-A6A0-6CD104B8D281}.Debug|Any CPU.ActiveCfg = Debug|Any CPU
		{F17B93F0-AF60-4B73-A6A0-6CD104B8D281}.Debug|Any CPU.Build.0 = Debug|Any CPU
		{F17B93F0-AF60-4B73-A6A0-6CD104B8D281}.Release|Any CPU.ActiveCfg = Release|Any CPU
		{F17B93F0-AF60-4B73-A6A0-6CD104B8D281}.Release|Any CPU.Build.0 = Release|Any CPU
		{8305B678-D794-4B02-BDEE-406A4FE29D0C}.Debug|Any CPU.ActiveCfg = Debug|Any CPU
		{8305B678-D794-4B02-BDEE-406A4FE29D0C}.Debug|Any CPU.Build.0 = Debug|Any CPU
		{8305B678-D794-4B02-BDEE-406A4FE29D0C}.Release|Any CPU.ActiveCfg = Release|Any CPU
		{8305B678-D794-4B02-BDEE-406A4FE29D0C}.Release|Any CPU.Build.0 = Release|Any CPU
		{972FC54E-7B70-4B51-A7FA-9AD50F27A538}.Debug|Any CPU.ActiveCfg = Debug|Any CPU
		{972FC54E-7B70-4B51-A7FA-9AD50F27A538}.Debug|Any CPU.Build.0 = Debug|Any CPU
		{972FC54E-7B70-4B51-A7FA-9AD50F27A538}.Release|Any CPU.ActiveCfg = Release|Any CPU
		{972FC54E-7B70-4B51-A7FA-9AD50F27A538}.Release|Any CPU.Build.0 = Release|Any CPU
		{BF1D4BAE-EFBB-4096-B3F2-6405E1F2EBA1}.Debug|Any CPU.ActiveCfg = Debug|Any CPU
		{BF1D4BAE-EFBB-4096-B3F2-6405E1F2EBA1}.Debug|Any CPU.Build.0 = Debug|Any CPU
		{BF1D4BAE-EFBB-4096-B3F2-6405E1F2EBA1}.Release|Any CPU.ActiveCfg = Release|Any CPU
		{BF1D4BAE-EFBB-4096-B3F2-6405E1F2EBA1}.Release|Any CPU.Build.0 = Release|Any CPU
	EndGlobalSection
	GlobalSection(SolutionProperties) = preSolution
		HideSolutionNode = FALSE
	EndGlobalSection
	GlobalSection(ExtensibilityGlobals) = postSolution
		SolutionGuid = {E02B5404-D6A8-4694-B09D-D4081E43500E}
	EndGlobalSection
EndGlobal
