
Microsoft Visual Studio Solution File, Format Version 12.00
# Visual Studio Version 17
VisualStudioVersion = 17.7.34024.191
MinimumVisualStudioVersion = 10.0.40219.1
Project("{9A19103F-16F7-4668-BE54-9A1E7A4F7556}") = "ConsoleApp1", "ConsoleApp1\ConsoleApp1.csproj", "{BBB691E4-D4FB-4B0D-8A3C-6D6FED746222}"
EndProject
Project("{9A19103F-16F7-4668-BE54-9A1E7A4F7556}") = "Task01Lib", "Task01Lib\Task01Lib.csproj", "{F70B04BE-3092-4E67-99B0-898829E56008}"
EndProject
Project("{9A19103F-16F7-4668-BE54-9A1E7A4F7556}") = "ConsoleApp2", "ConsoleApp2\ConsoleApp2.csproj", "{77BFD82C-CDCF-4D39-9DA5-0EC1C64B017D}"
EndProject
Project("{9A19103F-16F7-4668-BE54-9A1E7A4F7556}") = "Task02Lib", "Task02Lib\Task02Lib.csproj", "{F7075E22-D4FF-4A2F-9309-2030F75CA027}"
EndProject
Project("{FAE04EC0-301F-11D3-BF4B-00C04F79EFBC}") = "ConsoleApp3", "ConsoleApp3\ConsoleApp3.csproj", "{BD136255-DB5E-4438-9E73-F0DCD416C0F8}"
EndProject
Project("{FAE04EC0-301F-11D3-BF4B-00C04F79EFBC}") = "Task03Lib", "Task03Lib\Task03Lib.csproj", "{BBCDC0D8-9A20-43BC-A5CB-14E1A3A8F6FD}"
EndProject
Global
	GlobalSection(SolutionConfigurationPlatforms) = preSolution
		Debug|Any CPU = Debug|Any CPU
		Release|Any CPU = Release|Any CPU
	EndGlobalSection
	GlobalSection(ProjectConfigurationPlatforms) = postSolution
		{BBB691E4-D4FB-4B0D-8A3C-6D6FED746222}.Debug|Any CPU.ActiveCfg = Debug|Any CPU
		{BBB691E4-D4FB-4B0D-8A3C-6D6FED746222}.Debug|Any CPU.Build.0 = Debug|Any CPU
		{BBB691E4-D4FB-4B0D-8A3C-6D6FED746222}.Release|Any CPU.ActiveCfg = Release|Any CPU
		{BBB691E4-D4FB-4B0D-8A3C-6D6FED746222}.Release|Any CPU.Build.0 = Release|Any CPU
		{F70B04BE-3092-4E67-99B0-898829E56008}.Debug|Any CPU.ActiveCfg = Debug|Any CPU
		{F70B04BE-3092-4E67-99B0-898829E56008}.Debug|Any CPU.Build.0 = Debug|Any CPU
		{F70B04BE-3092-4E67-99B0-898829E56008}.Release|Any CPU.ActiveCfg = Release|Any CPU
		{F70B04BE-3092-4E67-99B0-898829E56008}.Release|Any CPU.Build.0 = Release|Any CPU
		{77BFD82C-CDCF-4D39-9DA5-0EC1C64B017D}.Debug|Any CPU.ActiveCfg = Debug|Any CPU
		{77BFD82C-CDCF-4D39-9DA5-0EC1C64B017D}.Debug|Any CPU.Build.0 = Debug|Any CPU
		{77BFD82C-CDCF-4D39-9DA5-0EC1C64B017D}.Release|Any CPU.ActiveCfg = Release|Any CPU
		{77BFD82C-CDCF-4D39-9DA5-0EC1C64B017D}.Release|Any CPU.Build.0 = Release|Any CPU
		{F7075E22-D4FF-4A2F-9309-2030F75CA027}.Debug|Any CPU.ActiveCfg = Debug|Any CPU
		{F7075E22-D4FF-4A2F-9309-2030F75CA027}.Debug|Any CPU.Build.0 = Debug|Any CPU
		{F7075E22-D4FF-4A2F-9309-2030F75CA027}.Release|Any CPU.ActiveCfg = Release|Any CPU
		{F7075E22-D4FF-4A2F-9309-2030F75CA027}.Release|Any CPU.Build.0 = Release|Any CPU
		{BD136255-DB5E-4438-9E73-F0DCD416C0F8}.Debug|Any CPU.ActiveCfg = Debug|Any CPU
		{BD136255-DB5E-4438-9E73-F0DCD416C0F8}.Debug|Any CPU.Build.0 = Debug|Any CPU
		{BD136255-DB5E-4438-9E73-F0DCD416C0F8}.Release|Any CPU.ActiveCfg = Release|Any CPU
		{BD136255-DB5E-4438-9E73-F0DCD416C0F8}.Release|Any CPU.Build.0 = Release|Any CPU
		{BBCDC0D8-9A20-43BC-A5CB-14E1A3A8F6FD}.Debug|Any CPU.ActiveCfg = Debug|Any CPU
		{BBCDC0D8-9A20-43BC-A5CB-14E1A3A8F6FD}.Debug|Any CPU.Build.0 = Debug|Any CPU
		{BBCDC0D8-9A20-43BC-A5CB-14E1A3A8F6FD}.Release|Any CPU.ActiveCfg = Release|Any CPU
		{BBCDC0D8-9A20-43BC-A5CB-14E1A3A8F6FD}.Release|Any CPU.Build.0 = Release|Any CPU
	EndGlobalSection
	GlobalSection(SolutionProperties) = preSolution
		HideSolutionNode = FALSE
	EndGlobalSection
	GlobalSection(ExtensibilityGlobals) = postSolution
		SolutionGuid = {C05B6C40-0ADB-4BA5-ACEE-74F740F3B256}
	EndGlobalSection
EndGlobal
