
Microsoft Visual Studio Solution File, Format Version 12.00
# Visual Studio Version 17
VisualStudioVersion = 17.7.34024.191
MinimumVisualStudioVersion = 10.0.40219.1
Project("{FAE04EC0-301F-11D3-BF4B-00C04F79EFBC}") = "Demo01", "Demo01\Demo01.csproj", "{2E1051B5-C1BF-4F97-93C7-483CAB989153}"
EndProject
Project("{FAE04EC0-301F-11D3-BF4B-00C04F79EFBC}") = "Demo01Lib", "Demo01Lib\Demo01Lib.csproj", "{FEC0597D-9B0D-4B44-8CC6-12907CCD49B3}"
EndProject
Global
	GlobalSection(SolutionConfigurationPlatforms) = preSolution
		Debug|Any CPU = Debug|Any CPU
		Release|Any CPU = Release|Any CPU
	EndGlobalSection
	GlobalSection(ProjectConfigurationPlatforms) = postSolution
		{2E1051B5-C1BF-4F97-93C7-483CAB989153}.Debug|Any CPU.ActiveCfg = Debug|Any CPU
		{2E1051B5-C1BF-4F97-93C7-483CAB989153}.Debug|Any CPU.Build.0 = Debug|Any CPU
		{2E1051B5-C1BF-4F97-93C7-483CAB989153}.Release|Any CPU.ActiveCfg = Release|Any CPU
		{2E1051B5-C1BF-4F97-93C7-483CAB989153}.Release|Any CPU.Build.0 = Release|Any CPU
		{FEC0597D-9B0D-4B44-8CC6-12907CCD49B3}.Debug|Any CPU.ActiveCfg = Debug|Any CPU
		{FEC0597D-9B0D-4B44-8CC6-12907CCD49B3}.Debug|Any CPU.Build.0 = Debug|Any CPU
		{FEC0597D-9B0D-4B44-8CC6-12907CCD49B3}.Release|Any CPU.ActiveCfg = Release|Any CPU
		{FEC0597D-9B0D-4B44-8CC6-12907CCD49B3}.Release|Any CPU.Build.0 = Release|Any CPU
	EndGlobalSection
	GlobalSection(SolutionProperties) = preSolution
		HideSolutionNode = FALSE
	EndGlobalSection
	GlobalSection(ExtensibilityGlobals) = postSolution
		SolutionGuid = {57B0A6D8-F7C8-4ED6-ACBC-A8DE7B88CC39}
	EndGlobalSection
EndGlobal
