
Microsoft Visual Studio Solution File, Format Version 12.00
# Visual Studio Version 17
VisualStudioVersion = 17.7.34024.191
MinimumVisualStudioVersion = 10.0.40219.1
Project("{FAE04EC0-301F-11D3-BF4B-00C04F79EFBC}") = "ConsoleApp1", "ConsoleApp1\ConsoleApp1.csproj", "{F7DBE8F5-6497-4E35-BB6A-8E93AC912E2F}"
EndProject
Project("{FAE04EC0-301F-11D3-BF4B-00C04F79EFBC}") = "ConsoleApp2", "ConsoleApp2\ConsoleApp2.csproj", "{5D1BEE58-0878-4ABF-AE45-5BBFC4BE1D25}"
EndProject
Global
	GlobalSection(SolutionConfigurationPlatforms) = preSolution
		Debug|Any CPU = Debug|Any CPU
		Release|Any CPU = Release|Any CPU
	EndGlobalSection
	GlobalSection(ProjectConfigurationPlatforms) = postSolution
		{F7DBE8F5-6497-4E35-BB6A-8E93AC912E2F}.Debug|Any CPU.ActiveCfg = Debug|Any CPU
		{F7DBE8F5-6497-4E35-BB6A-8E93AC912E2F}.Debug|Any CPU.Build.0 = Debug|Any CPU
		{F7DBE8F5-6497-4E35-BB6A-8E93AC912E2F}.Release|Any CPU.ActiveCfg = Release|Any CPU
		{F7DBE8F5-6497-4E35-BB6A-8E93AC912E2F}.Release|Any CPU.Build.0 = Release|Any CPU
		{5D1BEE58-0878-4ABF-AE45-5BBFC4BE1D25}.Debug|Any CPU.ActiveCfg = Debug|Any CPU
		{5D1BEE58-0878-4ABF-AE45-5BBFC4BE1D25}.Debug|Any CPU.Build.0 = Debug|Any CPU
		{5D1BEE58-0878-4ABF-AE45-5BBFC4BE1D25}.Release|Any CPU.ActiveCfg = Release|Any CPU
		{5D1BEE58-0878-4ABF-AE45-5BBFC4BE1D25}.Release|Any CPU.Build.0 = Release|Any CPU
	EndGlobalSection
	GlobalSection(SolutionProperties) = preSolution
		HideSolutionNode = FALSE
	EndGlobalSection
	GlobalSection(ExtensibilityGlobals) = postSolution
		SolutionGuid = {03B241BB-E6CA-4968-9694-2F9041ABA429}
	EndGlobalSection
EndGlobal
