
Microsoft Visual Studio Solution File, Format Version 12.00
# Visual Studio Version 17
VisualStudioVersion = 17.7.34024.191
MinimumVisualStudioVersion = 10.0.40219.1
Project("{FAE04EC0-301F-11D3-BF4B-00C04F79EFBC}") = "ConsoleApp1", "ConsoleApp1\ConsoleApp1.csproj", "{F7DBE8F5-6497-4E35-BB6A-8E93AC912E2F}"
EndProject
Project("{FAE04EC0-301F-11D3-BF4B-00C04F79EFBC}") = "ConsoleApp2", "ConsoleApp2\ConsoleApp2.csproj", "{5D1BEE58-0878-4ABF-AE45-5BBFC4BE1D25}"
EndProject
Project("{FAE04EC0-301F-11D3-BF4B-00C04F79EFBC}") = "ConsoleApp3", "ConsoleApp3\ConsoleApp3.csproj", "{0DD57E9D-45B2-42E4-AC2A-54B81DFDAFD8}"
EndProject
Project("{FAE04EC0-301F-11D3-BF4B-00C04F79EFBC}") = "ConsoleApp4", "ConsoleApp4\ConsoleApp4.csproj", "{8E7A5136-CB0A-4EA9-94EB-4B8410BBA035}"
EndProject
Project("{FAE04EC0-301F-11D3-BF4B-00C04F79EFBC}") = "ConsoleApp5", "ConsoleApp5\ConsoleApp5.csproj", "{2C3E1DDC-4646-4730-AE28-BDE6ABB2CB80}"
EndProject
Global
	GlobalSection(SolutionConfigurationPlatforms) = preSolution
		Debug|Any CPU = Debug|Any CPU
		Release|Any CPU = Release|Any CPU
	EndGlobalSection
	GlobalSection(ProjectConfigurationPlatforms) = postSolution
		{F7DBE8F5-6497-4E35-BB6A-8E93AC912E2F}.Debug|Any CPU.ActiveCfg = Debug|Any CPU
		{F7DBE8F5-6497-4E35-BB6A-8E93AC912E2F}.Debug|Any CPU.Build.0 = Debug|Any CPU
		{F7DBE8F5-6497-4E35-BB6A-8E93AC912E2F}.Release|Any CPU.ActiveCfg = Release|Any CPU
		{F7DBE8F5-6497-4E35-BB6A-8E93AC912E2F}.Release|Any CPU.Build.0 = Release|Any CPU
		{5D1BEE58-0878-4ABF-AE45-5BBFC4BE1D25}.Debug|Any CPU.ActiveCfg = Debug|Any CPU
		{5D1BEE58-0878-4ABF-AE45-5BBFC4BE1D25}.Debug|Any CPU.Build.0 = Debug|Any CPU
		{5D1BEE58-0878-4ABF-AE45-5BBFC4BE1D25}.Release|Any CPU.ActiveCfg = Release|Any CPU
		{5D1BEE58-0878-4ABF-AE45-5BBFC4BE1D25}.Release|Any CPU.Build.0 = Release|Any CPU
		{0DD57E9D-45B2-42E4-AC2A-54B81DFDAFD8}.Debug|Any CPU.ActiveCfg = Debug|Any CPU
		{0DD57E9D-45B2-42E4-AC2A-54B81DFDAFD8}.Debug|Any CPU.Build.0 = Debug|Any CPU
		{0DD57E9D-45B2-42E4-AC2A-54B81DFDAFD8}.Release|Any CPU.ActiveCfg = Release|Any CPU
		{0DD57E9D-45B2-42E4-AC2A-54B81DFDAFD8}.Release|Any CPU.Build.0 = Release|Any CPU
		{8E7A5136-CB0A-4EA9-94EB-4B8410BBA035}.Debug|Any CPU.ActiveCfg = Debug|Any CPU
		{8E7A5136-CB0A-4EA9-94EB-4B8410BBA035}.Debug|Any CPU.Build.0 = Debug|Any CPU
		{8E7A5136-CB0A-4EA9-94EB-4B8410BBA035}.Release|Any CPU.ActiveCfg = Release|Any CPU
		{8E7A5136-CB0A-4EA9-94EB-4B8410BBA035}.Release|Any CPU.Build.0 = Release|Any CPU
		{2C3E1DDC-4646-4730-AE28-BDE6ABB2CB80}.Debug|Any CPU.ActiveCfg = Debug|Any CPU
		{2C3E1DDC-4646-4730-AE28-BDE6ABB2CB80}.Debug|Any CPU.Build.0 = Debug|Any CPU
		{2C3E1DDC-4646-4730-AE28-BDE6ABB2CB80}.Release|Any CPU.ActiveCfg = Release|Any CPU
		{2C3E1DDC-4646-4730-AE28-BDE6ABB2CB80}.Release|Any CPU.Build.0 = Release|Any CPU
	EndGlobalSection
	GlobalSection(SolutionProperties) = preSolution
		HideSolutionNode = FALSE
	EndGlobalSection
	GlobalSection(ExtensibilityGlobals) = postSolution
		SolutionGuid = {03B241BB-E6CA-4968-9694-2F9041ABA429}
	EndGlobalSection
EndGlobal
