
Microsoft Visual Studio Solution File, Format Version 12.00
# Visual Studio Version 17
VisualStudioVersion = 17.7.34024.191
MinimumVisualStudioVersion = 10.0.40219.1
Project("{FAE04EC0-301F-11D3-BF4B-00C04F79EFBC}") = "ConsoleApp1", "ConsoleApp1\ConsoleApp1.csproj", "{24F5A2EE-9AC0-443B-BD8C-D028197559AA}"
EndProject
Project("{FAE04EC0-301F-11D3-BF4B-00C04F79EFBC}") = "ConsoleApp2", "ConsoleApp2\ConsoleApp2.csproj", "{5B60272B-D36D-49C8-ACFF-1BB93F92E5B2}"
EndProject
Project("{FAE04EC0-301F-11D3-BF4B-00C04F79EFBC}") = "ConsoleApp3", "ConsoleApp3\ConsoleApp3.csproj", "{18A42D06-9F3A-4793-9FC4-577A9D691FC6}"
EndProject
Global
	GlobalSection(SolutionConfigurationPlatforms) = preSolution
		Debug|Any CPU = Debug|Any CPU
		Release|Any CPU = Release|Any CPU
	EndGlobalSection
	GlobalSection(ProjectConfigurationPlatforms) = postSolution
		{24F5A2EE-9AC0-443B-BD8C-D028197559AA}.Debug|Any CPU.ActiveCfg = Debug|Any CPU
		{24F5A2EE-9AC0-443B-BD8C-D028197559AA}.Debug|Any CPU.Build.0 = Debug|Any CPU
		{24F5A2EE-9AC0-443B-BD8C-D028197559AA}.Release|Any CPU.ActiveCfg = Release|Any CPU
		{24F5A2EE-9AC0-443B-BD8C-D028197559AA}.Release|Any CPU.Build.0 = Release|Any CPU
		{5B60272B-D36D-49C8-ACFF-1BB93F92E5B2}.Debug|Any CPU.ActiveCfg = Debug|Any CPU
		{5B60272B-D36D-49C8-ACFF-1BB93F92E5B2}.Debug|Any CPU.Build.0 = Debug|Any CPU
		{5B60272B-D36D-49C8-ACFF-1BB93F92E5B2}.Release|Any CPU.ActiveCfg = Release|Any CPU
		{5B60272B-D36D-49C8-ACFF-1BB93F92E5B2}.Release|Any CPU.Build.0 = Release|Any CPU
		{18A42D06-9F3A-4793-9FC4-577A9D691FC6}.Debug|Any CPU.ActiveCfg = Debug|Any CPU
		{18A42D06-9F3A-4793-9FC4-577A9D691FC6}.Debug|Any CPU.Build.0 = Debug|Any CPU
		{18A42D06-9F3A-4793-9FC4-577A9D691FC6}.Release|Any CPU.ActiveCfg = Release|Any CPU
		{18A42D06-9F3A-4793-9FC4-577A9D691FC6}.Release|Any CPU.Build.0 = Release|Any CPU
	EndGlobalSection
	GlobalSection(SolutionProperties) = preSolution
		HideSolutionNode = FALSE
	EndGlobalSection
	GlobalSection(ExtensibilityGlobals) = postSolution
		SolutionGuid = {79274D81-5DFF-4122-8790-C07D8DF3280F}
	EndGlobalSection
EndGlobal
