
Microsoft Visual Studio Solution File, Format Version 12.00
# Visual Studio Version 17
VisualStudioVersion = 17.7.34024.191
MinimumVisualStudioVersion = 10.0.40219.1
Project("{FAE04EC0-301F-11D3-BF4B-00C04F79EFBC}") = "Main", "Main\Main.csproj", "{C7DA7B1A-5B30-43FC-BFB2-2A922D7D60DD}"
EndProject
Project("{FAE04EC0-301F-11D3-BF4B-00C04F79EFBC}") = "JsonLib", "JsonLib\JsonLib.csproj", "{9FAA8313-DD1E-4185-BAB5-2C27F553C1A2}"
EndProject
Global
	GlobalSection(SolutionConfigurationPlatforms) = preSolution
		Debug|Any CPU = Debug|Any CPU
		Release|Any CPU = Release|Any CPU
	EndGlobalSection
	GlobalSection(ProjectConfigurationPlatforms) = postSolution
		{C7DA7B1A-5B30-43FC-BFB2-2A922D7D60DD}.Debug|Any CPU.ActiveCfg = Debug|Any CPU
		{C7DA7B1A-5B30-43FC-BFB2-2A922D7D60DD}.Debug|Any CPU.Build.0 = Debug|Any CPU
		{C7DA7B1A-5B30-43FC-BFB2-2A922D7D60DD}.Release|Any CPU.ActiveCfg = Release|Any CPU
		{C7DA7B1A-5B30-43FC-BFB2-2A922D7D60DD}.Release|Any CPU.Build.0 = Release|Any CPU
		{9FAA8313-DD1E-4185-BAB5-2C27F553C1A2}.Debug|Any CPU.ActiveCfg = Debug|Any CPU
		{9FAA8313-DD1E-4185-BAB5-2C27F553C1A2}.Debug|Any CPU.Build.0 = Debug|Any CPU
		{9FAA8313-DD1E-4185-BAB5-2C27F553C1A2}.Release|Any CPU.ActiveCfg = Release|Any CPU
		{9FAA8313-DD1E-4185-BAB5-2C27F553C1A2}.Release|Any CPU.Build.0 = Release|Any CPU
	EndGlobalSection
	GlobalSection(SolutionProperties) = preSolution
		HideSolutionNode = FALSE
	EndGlobalSection
	GlobalSection(ExtensibilityGlobals) = postSolution
		SolutionGuid = {31CB9955-67E8-4AF7-9E6A-75F0C7454037}
	EndGlobalSection
EndGlobal
