
Microsoft Visual Studio Solution File, Format Version 12.00
# Visual Studio Version 17
VisualStudioVersion = 17.7.34024.191
MinimumVisualStudioVersion = 10.0.40219.1
Project("{FAE04EC0-301F-11D3-BF4B-00C04F79EFBC}") = "Main", "ConsoleApp1\Main.csproj", "{2B256AE2-E092-4648-A790-36174FE3EF0A}"
EndProject
Project("{FAE04EC0-301F-11D3-BF4B-00C04F79EFBC}") = "TgBotLib", "TgBotLib\TgBotLib.csproj", "{8C72D685-A078-4E73-BBB3-254B9E73110B}"
EndProject
Global
	GlobalSection(SolutionConfigurationPlatforms) = preSolution
		Debug|Any CPU = Debug|Any CPU
		Release|Any CPU = Release|Any CPU
	EndGlobalSection
	GlobalSection(ProjectConfigurationPlatforms) = postSolution
		{2B256AE2-E092-4648-A790-36174FE3EF0A}.Debug|Any CPU.ActiveCfg = Debug|Any CPU
		{2B256AE2-E092-4648-A790-36174FE3EF0A}.Debug|Any CPU.Build.0 = Debug|Any CPU
		{2B256AE2-E092-4648-A790-36174FE3EF0A}.Release|Any CPU.ActiveCfg = Release|Any CPU
		{2B256AE2-E092-4648-A790-36174FE3EF0A}.Release|Any CPU.Build.0 = Release|Any CPU
		{8C72D685-A078-4E73-BBB3-254B9E73110B}.Debug|Any CPU.ActiveCfg = Debug|Any CPU
		{8C72D685-A078-4E73-BBB3-254B9E73110B}.Debug|Any CPU.Build.0 = Debug|Any CPU
		{8C72D685-A078-4E73-BBB3-254B9E73110B}.Release|Any CPU.ActiveCfg = Release|Any CPU
		{8C72D685-A078-4E73-BBB3-254B9E73110B}.Release|Any CPU.Build.0 = Release|Any CPU
	EndGlobalSection
	GlobalSection(SolutionProperties) = preSolution
		HideSolutionNode = FALSE
	EndGlobalSection
	GlobalSection(ExtensibilityGlobals) = postSolution
		SolutionGuid = {3CCC8FC9-040E-4D63-8A22-8D5887A6EA2A}
	EndGlobalSection
EndGlobal
