
Microsoft Visual Studio Solution File, Format Version 12.00
# Visual Studio Version 17
VisualStudioVersion = 17.7.34024.191
MinimumVisualStudioVersion = 10.0.40219.1
Project("{9A19103F-16F7-4668-BE54-9A1E7A4F7556}") = "ConsoleApp1", "ConsoleApp1\ConsoleApp1.csproj", "{357AB21E-86BE-4603-827D-F4884786D32B}"
EndProject
Project("{9A19103F-16F7-4668-BE54-9A1E7A4F7556}") = "ConsoleApp2", "ConsoleApp2\ConsoleApp2.csproj", "{E2BE3105-ECFF-4A9E-B2BD-04483395B08E}"
EndProject
Project("{FAE04EC0-301F-11D3-BF4B-00C04F79EFBC}") = "ConsoleApp3", "ConsoleApp3\ConsoleApp3.csproj", "{44214A02-CAB9-42F6-A185-94305BC5C0E5}"
EndProject
Global
	GlobalSection(SolutionConfigurationPlatforms) = preSolution
		Debug|Any CPU = Debug|Any CPU
		Release|Any CPU = Release|Any CPU
	EndGlobalSection
	GlobalSection(ProjectConfigurationPlatforms) = postSolution
		{357AB21E-86BE-4603-827D-F4884786D32B}.Debug|Any CPU.ActiveCfg = Debug|Any CPU
		{357AB21E-86BE-4603-827D-F4884786D32B}.Debug|Any CPU.Build.0 = Debug|Any CPU
		{357AB21E-86BE-4603-827D-F4884786D32B}.Release|Any CPU.ActiveCfg = Release|Any CPU
		{357AB21E-86BE-4603-827D-F4884786D32B}.Release|Any CPU.Build.0 = Release|Any CPU
		{E2BE3105-ECFF-4A9E-B2BD-04483395B08E}.Debug|Any CPU.ActiveCfg = Debug|Any CPU
		{E2BE3105-ECFF-4A9E-B2BD-04483395B08E}.Debug|Any CPU.Build.0 = Debug|Any CPU
		{E2BE3105-ECFF-4A9E-B2BD-04483395B08E}.Release|Any CPU.ActiveCfg = Release|Any CPU
		{E2BE3105-ECFF-4A9E-B2BD-04483395B08E}.Release|Any CPU.Build.0 = Release|Any CPU
		{44214A02-CAB9-42F6-A185-94305BC5C0E5}.Debug|Any CPU.ActiveCfg = Debug|Any CPU
		{44214A02-CAB9-42F6-A185-94305BC5C0E5}.Debug|Any CPU.Build.0 = Debug|Any CPU
		{44214A02-CAB9-42F6-A185-94305BC5C0E5}.Release|Any CPU.ActiveCfg = Release|Any CPU
		{44214A02-CAB9-42F6-A185-94305BC5C0E5}.Release|Any CPU.Build.0 = Release|Any CPU
	EndGlobalSection
	GlobalSection(SolutionProperties) = preSolution
		HideSolutionNode = FALSE
	EndGlobalSection
	GlobalSection(ExtensibilityGlobals) = postSolution
		SolutionGuid = {65FD9878-A91F-4439-AA35-102DA46DCE61}
	EndGlobalSection
EndGlobal
