
Microsoft Visual Studio Solution File, Format Version 12.00
# Visual Studio Version 17
VisualStudioVersion = 17.7.34024.191
MinimumVisualStudioVersion = 10.0.40219.1
Project("{FAE04EC0-301F-11D3-BF4B-00C04F79EFBC}") = "ConsoleApp1", "ConsoleApp1\ConsoleApp1.csproj", "{25CCB6AF-FDEB-4C22-BE73-4C53D6B21E8A}"
EndProject
Project("{FAE04EC0-301F-11D3-BF4B-00C04F79EFBC}") = "Lib_Shape", "Lib_Shape\Lib_Shape.csproj", "{82FE6EED-3593-4DA4-9446-FE1A57F60D13}"
EndProject
Global
	GlobalSection(SolutionConfigurationPlatforms) = preSolution
		Debug|Any CPU = Debug|Any CPU
		Release|Any CPU = Release|Any CPU
	EndGlobalSection
	GlobalSection(ProjectConfigurationPlatforms) = postSolution
		{25CCB6AF-FDEB-4C22-BE73-4C53D6B21E8A}.Debug|Any CPU.ActiveCfg = Debug|Any CPU
		{25CCB6AF-FDEB-4C22-BE73-4C53D6B21E8A}.Debug|Any CPU.Build.0 = Debug|Any CPU
		{25CCB6AF-FDEB-4C22-BE73-4C53D6B21E8A}.Release|Any CPU.ActiveCfg = Release|Any CPU
		{25CCB6AF-FDEB-4C22-BE73-4C53D6B21E8A}.Release|Any CPU.Build.0 = Release|Any CPU
		{82FE6EED-3593-4DA4-9446-FE1A57F60D13}.Debug|Any CPU.ActiveCfg = Debug|Any CPU
		{82FE6EED-3593-4DA4-9446-FE1A57F60D13}.Debug|Any CPU.Build.0 = Debug|Any CPU
		{82FE6EED-3593-4DA4-9446-FE1A57F60D13}.Release|Any CPU.ActiveCfg = Release|Any CPU
		{82FE6EED-3593-4DA4-9446-FE1A57F60D13}.Release|Any CPU.Build.0 = Release|Any CPU
	EndGlobalSection
	GlobalSection(SolutionProperties) = preSolution
		HideSolutionNode = FALSE
	EndGlobalSection
	GlobalSection(ExtensibilityGlobals) = postSolution
		SolutionGuid = {EBFBB0A0-B23F-4512-A80D-32725FE1807E}
	EndGlobalSection
EndGlobal
