
Microsoft Visual Studio Solution File, Format Version 12.00
# Visual Studio Version 17
VisualStudioVersion = 17.7.34024.191
MinimumVisualStudioVersion = 10.0.40219.1
Project("{9A19103F-16F7-4668-BE54-9A1E7A4F7556}") = "ConsoleApp1", "ConsoleApp1\ConsoleApp1.csproj", "{4F62F9D0-752D-487D-AE2B-C5C688236A4E}"
EndProject
Project("{9A19103F-16F7-4668-BE54-9A1E7A4F7556}") = "ConsoleApp2", "ConsoleApp2\ConsoleApp2.csproj", "{C83EBD5C-C9AC-45EC-8B46-3A6F0F667927}"
EndProject
Project("{9A19103F-16F7-4668-BE54-9A1E7A4F7556}") = "ConsoleApp3", "ConsoleApp3\ConsoleApp3.csproj", "{E24D4FBA-EFC7-48E8-A09B-66053DF352A6}"
EndProject
Project("{9A19103F-16F7-4668-BE54-9A1E7A4F7556}") = "ConsoleApp4", "ConsoleApp4\ConsoleApp4.csproj", "{5E891A8D-5DB9-460B-8677-4059BE2D1DEF}"
EndProject
Project("{9A19103F-16F7-4668-BE54-9A1E7A4F7556}") = "ConsoleApp5", "ConsoleApp5\ConsoleApp5.csproj", "{40A0F464-942B-45B2-BF24-423E42E79B5B}"
EndProject
Project("{FAE04EC0-301F-11D3-BF4B-00C04F79EFBC}") = "ConsoleApp6", "ConsoleApp6\ConsoleApp6.csproj", "{8D9BBB7E-BB01-4A5E-A3BD-3EDBA60F03EE}"
EndProject
Global
	GlobalSection(SolutionConfigurationPlatforms) = preSolution
		Debug|Any CPU = Debug|Any CPU
		Release|Any CPU = Release|Any CPU
	EndGlobalSection
	GlobalSection(ProjectConfigurationPlatforms) = postSolution
		{4F62F9D0-752D-487D-AE2B-C5C688236A4E}.Debug|Any CPU.ActiveCfg = Debug|Any CPU
		{4F62F9D0-752D-487D-AE2B-C5C688236A4E}.Debug|Any CPU.Build.0 = Debug|Any CPU
		{4F62F9D0-752D-487D-AE2B-C5C688236A4E}.Release|Any CPU.ActiveCfg = Release|Any CPU
		{4F62F9D0-752D-487D-AE2B-C5C688236A4E}.Release|Any CPU.Build.0 = Release|Any CPU
		{C83EBD5C-C9AC-45EC-8B46-3A6F0F667927}.Debug|Any CPU.ActiveCfg = Debug|Any CPU
		{C83EBD5C-C9AC-45EC-8B46-3A6F0F667927}.Debug|Any CPU.Build.0 = Debug|Any CPU
		{C83EBD5C-C9AC-45EC-8B46-3A6F0F667927}.Release|Any CPU.ActiveCfg = Release|Any CPU
		{C83EBD5C-C9AC-45EC-8B46-3A6F0F667927}.Release|Any CPU.Build.0 = Release|Any CPU
		{E24D4FBA-EFC7-48E8-A09B-66053DF352A6}.Debug|Any CPU.ActiveCfg = Debug|Any CPU
		{E24D4FBA-EFC7-48E8-A09B-66053DF352A6}.Debug|Any CPU.Build.0 = Debug|Any CPU
		{E24D4FBA-EFC7-48E8-A09B-66053DF352A6}.Release|Any CPU.ActiveCfg = Release|Any CPU
		{E24D4FBA-EFC7-48E8-A09B-66053DF352A6}.Release|Any CPU.Build.0 = Release|Any CPU
		{5E891A8D-5DB9-460B-8677-4059BE2D1DEF}.Debug|Any CPU.ActiveCfg = Debug|Any CPU
		{5E891A8D-5DB9-460B-8677-4059BE2D1DEF}.Debug|Any CPU.Build.0 = Debug|Any CPU
		{5E891A8D-5DB9-460B-8677-4059BE2D1DEF}.Release|Any CPU.ActiveCfg = Release|Any CPU
		{5E891A8D-5DB9-460B-8677-4059BE2D1DEF}.Release|Any CPU.Build.0 = Release|Any CPU
		{40A0F464-942B-45B2-BF24-423E42E79B5B}.Debug|Any CPU.ActiveCfg = Debug|Any CPU
		{40A0F464-942B-45B2-BF24-423E42E79B5B}.Debug|Any CPU.Build.0 = Debug|Any CPU
		{40A0F464-942B-45B2-BF24-423E42E79B5B}.Release|Any CPU.ActiveCfg = Release|Any CPU
		{40A0F464-942B-45B2-BF24-423E42E79B5B}.Release|Any CPU.Build.0 = Release|Any CPU
		{8D9BBB7E-BB01-4A5E-A3BD-3EDBA60F03EE}.Debug|Any CPU.ActiveCfg = Debug|Any CPU
		{8D9BBB7E-BB01-4A5E-A3BD-3EDBA60F03EE}.Debug|Any CPU.Build.0 = Debug|Any CPU
		{8D9BBB7E-BB01-4A5E-A3BD-3EDBA60F03EE}.Release|Any CPU.ActiveCfg = Release|Any CPU
		{8D9BBB7E-BB01-4A5E-A3BD-3EDBA60F03EE}.Release|Any CPU.Build.0 = Release|Any CPU
	EndGlobalSection
	GlobalSection(SolutionProperties) = preSolution
		HideSolutionNode = FALSE
	EndGlobalSection
	GlobalSection(ExtensibilityGlobals) = postSolution
		SolutionGuid = {C152680C-8EFA-47F1-B3C2-CF41023F319D}
	EndGlobalSection
EndGlobal
