
Microsoft Visual Studio Solution File, Format Version 12.00
# Visual Studio Version 17
VisualStudioVersion = 17.7.34024.191
MinimumVisualStudioVersion = 10.0.40219.1
Project("{9A19103F-16F7-4668-BE54-9A1E7A4F7556}") = "ConsoleApp1", "ConsoleApp1\ConsoleApp1.csproj", "{8BF74AC9-8D15-4721-8ED8-85ADC87454A7}"
EndProject
Project("{9A19103F-16F7-4668-BE54-9A1E7A4F7556}") = "Figures", "Figures\Figures.csproj", "{6D33A7D6-9AB0-42E2-A997-090D253E3A3A}"
EndProject
Project("{9A19103F-16F7-4668-BE54-9A1E7A4F7556}") = "ConsoleApp2", "ConsoleApp2\ConsoleApp2.csproj", "{7D23D902-2D2C-45EA-8775-E046FBA2F95F}"
EndProject
Project("{9A19103F-16F7-4668-BE54-9A1E7A4F7556}") = "Task03Lib_Employee", "Task03Lib_Employee\Task03Lib_Employee.csproj", "{432218AD-173D-4243-A182-5AC29F47AA9D}"
EndProject
Project("{9A19103F-16F7-4668-BE54-9A1E7A4F7556}") = "ConsoleApp3", "ConsoleApp3\ConsoleApp3.csproj", "{F7016016-3125-4B81-927A-E4A598789DC4}"
EndProject
Project("{FAE04EC0-301F-11D3-BF4B-00C04F79EFBC}") = "AbstractTestLibrary", "AbstractTestLibrary\AbstractTestLibrary.csproj", "{DDE5C973-CD75-426A-ADE0-44951EF642CD}"
EndProject
Project("{FAE04EC0-301F-11D3-BF4B-00C04F79EFBC}") = "ConsoleApp5", "ConsoleApp5\ConsoleApp5.csproj", "{960E6BF6-3878-4669-A163-F3E50F0BD7DF}"
EndProject
Global
	GlobalSection(SolutionConfigurationPlatforms) = preSolution
		Debug|Any CPU = Debug|Any CPU
		Release|Any CPU = Release|Any CPU
	EndGlobalSection
	GlobalSection(ProjectConfigurationPlatforms) = postSolution
		{8BF74AC9-8D15-4721-8ED8-85ADC87454A7}.Debug|Any CPU.ActiveCfg = Debug|Any CPU
		{8BF74AC9-8D15-4721-8ED8-85ADC87454A7}.Debug|Any CPU.Build.0 = Debug|Any CPU
		{8BF74AC9-8D15-4721-8ED8-85ADC87454A7}.Release|Any CPU.ActiveCfg = Release|Any CPU
		{8BF74AC9-8D15-4721-8ED8-85ADC87454A7}.Release|Any CPU.Build.0 = Release|Any CPU
		{6D33A7D6-9AB0-42E2-A997-090D253E3A3A}.Debug|Any CPU.ActiveCfg = Debug|Any CPU
		{6D33A7D6-9AB0-42E2-A997-090D253E3A3A}.Debug|Any CPU.Build.0 = Debug|Any CPU
		{6D33A7D6-9AB0-42E2-A997-090D253E3A3A}.Release|Any CPU.ActiveCfg = Release|Any CPU
		{6D33A7D6-9AB0-42E2-A997-090D253E3A3A}.Release|Any CPU.Build.0 = Release|Any CPU
		{7D23D902-2D2C-45EA-8775-E046FBA2F95F}.Debug|Any CPU.ActiveCfg = Debug|Any CPU
		{7D23D902-2D2C-45EA-8775-E046FBA2F95F}.Debug|Any CPU.Build.0 = Debug|Any CPU
		{7D23D902-2D2C-45EA-8775-E046FBA2F95F}.Release|Any CPU.ActiveCfg = Release|Any CPU
		{7D23D902-2D2C-45EA-8775-E046FBA2F95F}.Release|Any CPU.Build.0 = Release|Any CPU
		{432218AD-173D-4243-A182-5AC29F47AA9D}.Debug|Any CPU.ActiveCfg = Debug|Any CPU
		{432218AD-173D-4243-A182-5AC29F47AA9D}.Debug|Any CPU.Build.0 = Debug|Any CPU
		{432218AD-173D-4243-A182-5AC29F47AA9D}.Release|Any CPU.ActiveCfg = Release|Any CPU
		{432218AD-173D-4243-A182-5AC29F47AA9D}.Release|Any CPU.Build.0 = Release|Any CPU
		{F7016016-3125-4B81-927A-E4A598789DC4}.Debug|Any CPU.ActiveCfg = Debug|Any CPU
		{F7016016-3125-4B81-927A-E4A598789DC4}.Debug|Any CPU.Build.0 = Debug|Any CPU
		{F7016016-3125-4B81-927A-E4A598789DC4}.Release|Any CPU.ActiveCfg = Release|Any CPU
		{F7016016-3125-4B81-927A-E4A598789DC4}.Release|Any CPU.Build.0 = Release|Any CPU
		{DDE5C973-CD75-426A-ADE0-44951EF642CD}.Debug|Any CPU.ActiveCfg = Debug|Any CPU
		{DDE5C973-CD75-426A-ADE0-44951EF642CD}.Debug|Any CPU.Build.0 = Debug|Any CPU
		{DDE5C973-CD75-426A-ADE0-44951EF642CD}.Release|Any CPU.ActiveCfg = Release|Any CPU
		{DDE5C973-CD75-426A-ADE0-44951EF642CD}.Release|Any CPU.Build.0 = Release|Any CPU
		{960E6BF6-3878-4669-A163-F3E50F0BD7DF}.Debug|Any CPU.ActiveCfg = Debug|Any CPU
		{960E6BF6-3878-4669-A163-F3E50F0BD7DF}.Debug|Any CPU.Build.0 = Debug|Any CPU
		{960E6BF6-3878-4669-A163-F3E50F0BD7DF}.Release|Any CPU.ActiveCfg = Release|Any CPU
		{960E6BF6-3878-4669-A163-F3E50F0BD7DF}.Release|Any CPU.Build.0 = Release|Any CPU
	EndGlobalSection
	GlobalSection(SolutionProperties) = preSolution
		HideSolutionNode = FALSE
	EndGlobalSection
	GlobalSection(ExtensibilityGlobals) = postSolution
		SolutionGuid = {B42998AD-94EA-4624-9825-EBB5A82032C6}
	EndGlobalSection
EndGlobal
