
Microsoft Visual Studio Solution File, Format Version 12.00
# Visual Studio Version 17
VisualStudioVersion = 17.7.34024.191
MinimumVisualStudioVersion = 10.0.40219.1
Project("{FAE04EC0-301F-11D3-BF4B-00C04F79EFBC}") = "Task01", "Task01\Task01.csproj", "{5BA844FF-9980-421A-A630-E27C099AFAA0}"
EndProject
Project("{FAE04EC0-301F-11D3-BF4B-00C04F79EFBC}") = "Task02", "Task02\Task02.csproj", "{2961ECF7-C25A-4C70-9487-FB2F3A7E90C2}"
EndProject
Project("{FAE04EC0-301F-11D3-BF4B-00C04F79EFBC}") = "Task03", "Task03\Task03.csproj", "{CE9D45CD-A703-4AF7-8A3E-F38B16355C15}"
EndProject
Project("{FAE04EC0-301F-11D3-BF4B-00C04F79EFBC}") = "Task03Lib", "Task03Lib\Task03Lib.csproj", "{12F3D8F9-9168-47D0-99CE-007FC0431E58}"
EndProject
Global
	GlobalSection(SolutionConfigurationPlatforms) = preSolution
		Debug|Any CPU = Debug|Any CPU
		Release|Any CPU = Release|Any CPU
	EndGlobalSection
	GlobalSection(ProjectConfigurationPlatforms) = postSolution
		{5BA844FF-9980-421A-A630-E27C099AFAA0}.Debug|Any CPU.ActiveCfg = Debug|Any CPU
		{5BA844FF-9980-421A-A630-E27C099AFAA0}.Debug|Any CPU.Build.0 = Debug|Any CPU
		{5BA844FF-9980-421A-A630-E27C099AFAA0}.Release|Any CPU.ActiveCfg = Release|Any CPU
		{5BA844FF-9980-421A-A630-E27C099AFAA0}.Release|Any CPU.Build.0 = Release|Any CPU
		{2961ECF7-C25A-4C70-9487-FB2F3A7E90C2}.Debug|Any CPU.ActiveCfg = Debug|Any CPU
		{2961ECF7-C25A-4C70-9487-FB2F3A7E90C2}.Debug|Any CPU.Build.0 = Debug|Any CPU
		{2961ECF7-C25A-4C70-9487-FB2F3A7E90C2}.Release|Any CPU.ActiveCfg = Release|Any CPU
		{2961ECF7-C25A-4C70-9487-FB2F3A7E90C2}.Release|Any CPU.Build.0 = Release|Any CPU
		{CE9D45CD-A703-4AF7-8A3E-F38B16355C15}.Debug|Any CPU.ActiveCfg = Debug|Any CPU
		{CE9D45CD-A703-4AF7-8A3E-F38B16355C15}.Debug|Any CPU.Build.0 = Debug|Any CPU
		{CE9D45CD-A703-4AF7-8A3E-F38B16355C15}.Release|Any CPU.ActiveCfg = Release|Any CPU
		{CE9D45CD-A703-4AF7-8A3E-F38B16355C15}.Release|Any CPU.Build.0 = Release|Any CPU
		{12F3D8F9-9168-47D0-99CE-007FC0431E58}.Debug|Any CPU.ActiveCfg = Debug|Any CPU
		{12F3D8F9-9168-47D0-99CE-007FC0431E58}.Debug|Any CPU.Build.0 = Debug|Any CPU
		{12F3D8F9-9168-47D0-99CE-007FC0431E58}.Release|Any CPU.ActiveCfg = Release|Any CPU
		{12F3D8F9-9168-47D0-99CE-007FC0431E58}.Release|Any CPU.Build.0 = Release|Any CPU
	EndGlobalSection
	GlobalSection(SolutionProperties) = preSolution
		HideSolutionNode = FALSE
	EndGlobalSection
	GlobalSection(ExtensibilityGlobals) = postSolution
		SolutionGuid = {0E65A6EE-39AB-4223-9833-A47C0523DB38}
	EndGlobalSection
EndGlobal
