
Microsoft Visual Studio Solution File, Format Version 12.00
# Visual Studio Version 17
VisualStudioVersion = 17.7.34024.191
MinimumVisualStudioVersion = 10.0.40219.1
Project("{FAE04EC0-301F-11D3-BF4B-00C04F79EFBC}") = "Task01", "Task01\Task01.csproj", "{5BA844FF-9980-421A-A630-E27C099AFAA0}"
EndProject
Project("{FAE04EC0-301F-11D3-BF4B-00C04F79EFBC}") = "Task02", "Task02\Task02.csproj", "{2961ECF7-C25A-4C70-9487-FB2F3A7E90C2}"
EndProject
Project("{FAE04EC0-301F-11D3-BF4B-00C04F79EFBC}") = "Task03", "Task03\Task03.csproj", "{CE9D45CD-A703-4AF7-8A3E-F38B16355C15}"
EndProject
Project("{FAE04EC0-301F-11D3-BF4B-00C04F79EFBC}") = "Task03Lib", "Task03Lib\Task03Lib.csproj", "{12F3D8F9-9168-47D0-99CE-007FC0431E58}"
EndProject
Project("{FAE04EC0-301F-11D3-BF4B-00C04F79EFBC}") = "Task04", "Task04\Task04.csproj", "{DCCDB3A9-DE92-46B6-B3C6-821255689F97}"
EndProject
Project("{FAE04EC0-301F-11D3-BF4B-00C04F79EFBC}") = "Task04Lib", "Task04Lib\Task04Lib.csproj", "{A6723515-5365-4CDE-97F1-74484CD80D02}"
EndProject
Project("{FAE04EC0-301F-11D3-BF4B-00C04F79EFBC}") = "Task05", "Task05\Task05.csproj", "{C219B0E8-6CC4-4B79-94BF-75F49314A718}"
EndProject
Project("{FAE04EC0-301F-11D3-BF4B-00C04F79EFBC}") = "Task05Lib", "Task05Lib\Task05Lib.csproj", "{053D72EE-5EA0-4421-837A-7C8C556FDFD9}"
EndProject
Project("{FAE04EC0-301F-11D3-BF4B-00C04F79EFBC}") = "Task06", "Task06\Task06.csproj", "{A0313814-2D55-43D6-9F7E-1D63964CE38A}"
EndProject
Project("{FAE04EC0-301F-11D3-BF4B-00C04F79EFBC}") = "Task06Lib", "Task06Lib\Task06Lib.csproj", "{9CFCF86C-99B1-4160-87EF-64DAE61C20B5}"
EndProject
Global
	GlobalSection(SolutionConfigurationPlatforms) = preSolution
		Debug|Any CPU = Debug|Any CPU
		Release|Any CPU = Release|Any CPU
	EndGlobalSection
	GlobalSection(ProjectConfigurationPlatforms) = postSolution
		{5BA844FF-9980-421A-A630-E27C099AFAA0}.Debug|Any CPU.ActiveCfg = Debug|Any CPU
		{5BA844FF-9980-421A-A630-E27C099AFAA0}.Debug|Any CPU.Build.0 = Debug|Any CPU
		{5BA844FF-9980-421A-A630-E27C099AFAA0}.Release|Any CPU.ActiveCfg = Release|Any CPU
		{5BA844FF-9980-421A-A630-E27C099AFAA0}.Release|Any CPU.Build.0 = Release|Any CPU
		{2961ECF7-C25A-4C70-9487-FB2F3A7E90C2}.Debug|Any CPU.ActiveCfg = Debug|Any CPU
		{2961ECF7-C25A-4C70-9487-FB2F3A7E90C2}.Debug|Any CPU.Build.0 = Debug|Any CPU
		{2961ECF7-C25A-4C70-9487-FB2F3A7E90C2}.Release|Any CPU.ActiveCfg = Release|Any CPU
		{2961ECF7-C25A-4C70-9487-FB2F3A7E90C2}.Release|Any CPU.Build.0 = Release|Any CPU
		{CE9D45CD-A703-4AF7-8A3E-F38B16355C15}.Debug|Any CPU.ActiveCfg = Debug|Any CPU
		{CE9D45CD-A703-4AF7-8A3E-F38B16355C15}.Debug|Any CPU.Build.0 = Debug|Any CPU
		{CE9D45CD-A703-4AF7-8A3E-F38B16355C15}.Release|Any CPU.ActiveCfg = Release|Any CPU
		{CE9D45CD-A703-4AF7-8A3E-F38B16355C15}.Release|Any CPU.Build.0 = Release|Any CPU
		{12F3D8F9-9168-47D0-99CE-007FC0431E58}.Debug|Any CPU.ActiveCfg = Debug|Any CPU
		{12F3D8F9-9168-47D0-99CE-007FC0431E58}.Debug|Any CPU.Build.0 = Debug|Any CPU
		{12F3D8F9-9168-47D0-99CE-007FC0431E58}.Release|Any CPU.ActiveCfg = Release|Any CPU
		{12F3D8F9-9168-47D0-99CE-007FC0431E58}.Release|Any CPU.Build.0 = Release|Any CPU
		{DCCDB3A9-DE92-46B6-B3C6-821255689F97}.Debug|Any CPU.ActiveCfg = Debug|Any CPU
		{DCCDB3A9-DE92-46B6-B3C6-821255689F97}.Debug|Any CPU.Build.0 = Debug|Any CPU
		{DCCDB3A9-DE92-46B6-B3C6-821255689F97}.Release|Any CPU.ActiveCfg = Release|Any CPU
		{DCCDB3A9-DE92-46B6-B3C6-821255689F97}.Release|Any CPU.Build.0 = Release|Any CPU
		{A6723515-5365-4CDE-97F1-74484CD80D02}.Debug|Any CPU.ActiveCfg = Debug|Any CPU
		{A6723515-5365-4CDE-97F1-74484CD80D02}.Debug|Any CPU.Build.0 = Debug|Any CPU
		{A6723515-5365-4CDE-97F1-74484CD80D02}.Release|Any CPU.ActiveCfg = Release|Any CPU
		{A6723515-5365-4CDE-97F1-74484CD80D02}.Release|Any CPU.Build.0 = Release|Any CPU
		{C219B0E8-6CC4-4B79-94BF-75F49314A718}.Debug|Any CPU.ActiveCfg = Debug|Any CPU
		{C219B0E8-6CC4-4B79-94BF-75F49314A718}.Debug|Any CPU.Build.0 = Debug|Any CPU
		{C219B0E8-6CC4-4B79-94BF-75F49314A718}.Release|Any CPU.ActiveCfg = Release|Any CPU
		{C219B0E8-6CC4-4B79-94BF-75F49314A718}.Release|Any CPU.Build.0 = Release|Any CPU
		{053D72EE-5EA0-4421-837A-7C8C556FDFD9}.Debug|Any CPU.ActiveCfg = Debug|Any CPU
		{053D72EE-5EA0-4421-837A-7C8C556FDFD9}.Debug|Any CPU.Build.0 = Debug|Any CPU
		{053D72EE-5EA0-4421-837A-7C8C556FDFD9}.Release|Any CPU.ActiveCfg = Release|Any CPU
		{053D72EE-5EA0-4421-837A-7C8C556FDFD9}.Release|Any CPU.Build.0 = Release|Any CPU
		{A0313814-2D55-43D6-9F7E-1D63964CE38A}.Debug|Any CPU.ActiveCfg = Debug|Any CPU
		{A0313814-2D55-43D6-9F7E-1D63964CE38A}.Debug|Any CPU.Build.0 = Debug|Any CPU
		{A0313814-2D55-43D6-9F7E-1D63964CE38A}.Release|Any CPU.ActiveCfg = Release|Any CPU
		{A0313814-2D55-43D6-9F7E-1D63964CE38A}.Release|Any CPU.Build.0 = Release|Any CPU
		{9CFCF86C-99B1-4160-87EF-64DAE61C20B5}.Debug|Any CPU.ActiveCfg = Debug|Any CPU
		{9CFCF86C-99B1-4160-87EF-64DAE61C20B5}.Debug|Any CPU.Build.0 = Debug|Any CPU
		{9CFCF86C-99B1-4160-87EF-64DAE61C20B5}.Release|Any CPU.ActiveCfg = Release|Any CPU
		{9CFCF86C-99B1-4160-87EF-64DAE61C20B5}.Release|Any CPU.Build.0 = Release|Any CPU
	EndGlobalSection
	GlobalSection(SolutionProperties) = preSolution
		HideSolutionNode = FALSE
	EndGlobalSection
	GlobalSection(ExtensibilityGlobals) = postSolution
		SolutionGuid = {0E65A6EE-39AB-4223-9833-A47C0523DB38}
	EndGlobalSection
EndGlobal
