
Microsoft Visual Studio Solution File, Format Version 12.00
# Visual Studio Version 17
VisualStudioVersion = 17.7.34024.191
MinimumVisualStudioVersion = 10.0.40219.1
Project("{FAE04EC0-301F-11D3-BF4B-00C04F79EFBC}") = "ConsoleApp1", "ConsoleApp1\ConsoleApp1.csproj", "{5925BDEB-F35C-4D42-AAA1-EAC8C5983EE3}"
EndProject
Project("{FAE04EC0-301F-11D3-BF4B-00C04F79EFBC}") = "ConsoleApp2", "ConsoleApp2\ConsoleApp2.csproj", "{72FA4493-1AF8-4D00-B8AA-C509686F26AE}"
EndProject
Global
	GlobalSection(SolutionConfigurationPlatforms) = preSolution
		Debug|Any CPU = Debug|Any CPU
		Release|Any CPU = Release|Any CPU
	EndGlobalSection
	GlobalSection(ProjectConfigurationPlatforms) = postSolution
		{5925BDEB-F35C-4D42-AAA1-EAC8C5983EE3}.Debug|Any CPU.ActiveCfg = Debug|Any CPU
		{5925BDEB-F35C-4D42-AAA1-EAC8C5983EE3}.Debug|Any CPU.Build.0 = Debug|Any CPU
		{5925BDEB-F35C-4D42-AAA1-EAC8C5983EE3}.Release|Any CPU.ActiveCfg = Release|Any CPU
		{5925BDEB-F35C-4D42-AAA1-EAC8C5983EE3}.Release|Any CPU.Build.0 = Release|Any CPU
		{72FA4493-1AF8-4D00-B8AA-C509686F26AE}.Debug|Any CPU.ActiveCfg = Debug|Any CPU
		{72FA4493-1AF8-4D00-B8AA-C509686F26AE}.Debug|Any CPU.Build.0 = Debug|Any CPU
		{72FA4493-1AF8-4D00-B8AA-C509686F26AE}.Release|Any CPU.ActiveCfg = Release|Any CPU
		{72FA4493-1AF8-4D00-B8AA-C509686F26AE}.Release|Any CPU.Build.0 = Release|Any CPU
	EndGlobalSection
	GlobalSection(SolutionProperties) = preSolution
		HideSolutionNode = FALSE
	EndGlobalSection
	GlobalSection(ExtensibilityGlobals) = postSolution
		SolutionGuid = {E65D6272-DEA8-4754-9BC8-D8D689E03DD0}
	EndGlobalSection
EndGlobal
