
Microsoft Visual Studio Solution File, Format Version 12.00
# Visual Studio Version 17
VisualStudioVersion = 17.7.34024.191
MinimumVisualStudioVersion = 10.0.40219.1
Project("{9A19103F-16F7-4668-BE54-9A1E7A4F7556}") = "ConsoleApp1", "ConsoleApp1\ConsoleApp1.csproj", "{9FFB392B-C864-4F11-A8E4-E7B18E67CAA4}"
EndProject
Project("{9A19103F-16F7-4668-BE54-9A1E7A4F7556}") = "ConsoleApp2", "ConsoleApp2\ConsoleApp2.csproj", "{EA3B83C9-8FD0-43D1-9731-CE7CA72D8FB9}"
EndProject
Project("{9A19103F-16F7-4668-BE54-9A1E7A4F7556}") = "ConsoleApp3", "ConsoleApp3\ConsoleApp3.csproj", "{0F6BBE27-896F-43B8-92C4-53796EBF61C0}"
EndProject
Project("{9A19103F-16F7-4668-BE54-9A1E7A4F7556}") = "ConsoleApp4", "ConsoleApp4\ConsoleApp4.csproj", "{B8EE47BA-4E96-41EF-95EA-4E4C83E755F7}"
EndProject
Project("{9A19103F-16F7-4668-BE54-9A1E7A4F7556}") = "ConsoleApp5", "ConsoleApp5\ConsoleApp5.csproj", "{318663C5-7C18-4AFD-8CB0-1F9FAD0D1A2E}"
EndProject
Project("{9A19103F-16F7-4668-BE54-9A1E7A4F7556}") = "ConsoleApp6", "ConsoleApp6\ConsoleApp6.csproj", "{53DEF7C1-1E05-44B3-A7C0-2F46BACD6D2F}"
EndProject
Project("{9A19103F-16F7-4668-BE54-9A1E7A4F7556}") = "ConsoleApp7", "ConsoleApp7\ConsoleApp7.csproj", "{D9D03516-A0B9-43E3-B0F2-61DB823DECF6}"
EndProject
Project("{9A19103F-16F7-4668-BE54-9A1E7A4F7556}") = "DIY02", "DIY02\DIY02.csproj", "{974E1682-B7B5-4781-A6EE-8A3ABA5180D6}"
EndProject
Project("{FAE04EC0-301F-11D3-BF4B-00C04F79EFBC}") = "DIY", "DIY\DIY.csproj", "{7AADBDEF-6E4A-4D90-B138-F79D20BD5B90}"
EndProject
Global
	GlobalSection(SolutionConfigurationPlatforms) = preSolution
		Debug|Any CPU = Debug|Any CPU
		Release|Any CPU = Release|Any CPU
	EndGlobalSection
	GlobalSection(ProjectConfigurationPlatforms) = postSolution
		{9FFB392B-C864-4F11-A8E4-E7B18E67CAA4}.Debug|Any CPU.ActiveCfg = Debug|Any CPU
		{9FFB392B-C864-4F11-A8E4-E7B18E67CAA4}.Debug|Any CPU.Build.0 = Debug|Any CPU
		{9FFB392B-C864-4F11-A8E4-E7B18E67CAA4}.Release|Any CPU.ActiveCfg = Release|Any CPU
		{9FFB392B-C864-4F11-A8E4-E7B18E67CAA4}.Release|Any CPU.Build.0 = Release|Any CPU
		{EA3B83C9-8FD0-43D1-9731-CE7CA72D8FB9}.Debug|Any CPU.ActiveCfg = Debug|Any CPU
		{EA3B83C9-8FD0-43D1-9731-CE7CA72D8FB9}.Debug|Any CPU.Build.0 = Debug|Any CPU
		{EA3B83C9-8FD0-43D1-9731-CE7CA72D8FB9}.Release|Any CPU.ActiveCfg = Release|Any CPU
		{EA3B83C9-8FD0-43D1-9731-CE7CA72D8FB9}.Release|Any CPU.Build.0 = Release|Any CPU
		{0F6BBE27-896F-43B8-92C4-53796EBF61C0}.Debug|Any CPU.ActiveCfg = Debug|Any CPU
		{0F6BBE27-896F-43B8-92C4-53796EBF61C0}.Debug|Any CPU.Build.0 = Debug|Any CPU
		{0F6BBE27-896F-43B8-92C4-53796EBF61C0}.Release|Any CPU.ActiveCfg = Release|Any CPU
		{0F6BBE27-896F-43B8-92C4-53796EBF61C0}.Release|Any CPU.Build.0 = Release|Any CPU
		{B8EE47BA-4E96-41EF-95EA-4E4C83E755F7}.Debug|Any CPU.ActiveCfg = Debug|Any CPU
		{B8EE47BA-4E96-41EF-95EA-4E4C83E755F7}.Debug|Any CPU.Build.0 = Debug|Any CPU
		{B8EE47BA-4E96-41EF-95EA-4E4C83E755F7}.Release|Any CPU.ActiveCfg = Release|Any CPU
		{B8EE47BA-4E96-41EF-95EA-4E4C83E755F7}.Release|Any CPU.Build.0 = Release|Any CPU
		{318663C5-7C18-4AFD-8CB0-1F9FAD0D1A2E}.Debug|Any CPU.ActiveCfg = Debug|Any CPU
		{318663C5-7C18-4AFD-8CB0-1F9FAD0D1A2E}.Debug|Any CPU.Build.0 = Debug|Any CPU
		{318663C5-7C18-4AFD-8CB0-1F9FAD0D1A2E}.Release|Any CPU.ActiveCfg = Release|Any CPU
		{318663C5-7C18-4AFD-8CB0-1F9FAD0D1A2E}.Release|Any CPU.Build.0 = Release|Any CPU
		{53DEF7C1-1E05-44B3-A7C0-2F46BACD6D2F}.Debug|Any CPU.ActiveCfg = Debug|Any CPU
		{53DEF7C1-1E05-44B3-A7C0-2F46BACD6D2F}.Debug|Any CPU.Build.0 = Debug|Any CPU
		{53DEF7C1-1E05-44B3-A7C0-2F46BACD6D2F}.Release|Any CPU.ActiveCfg = Release|Any CPU
		{53DEF7C1-1E05-44B3-A7C0-2F46BACD6D2F}.Release|Any CPU.Build.0 = Release|Any CPU
		{D9D03516-A0B9-43E3-B0F2-61DB823DECF6}.Debug|Any CPU.ActiveCfg = Debug|Any CPU
		{D9D03516-A0B9-43E3-B0F2-61DB823DECF6}.Debug|Any CPU.Build.0 = Debug|Any CPU
		{D9D03516-A0B9-43E3-B0F2-61DB823DECF6}.Release|Any CPU.ActiveCfg = Release|Any CPU
		{D9D03516-A0B9-43E3-B0F2-61DB823DECF6}.Release|Any CPU.Build.0 = Release|Any CPU
		{974E1682-B7B5-4781-A6EE-8A3ABA5180D6}.Debug|Any CPU.ActiveCfg = Debug|Any CPU
		{974E1682-B7B5-4781-A6EE-8A3ABA5180D6}.Debug|Any CPU.Build.0 = Debug|Any CPU
		{974E1682-B7B5-4781-A6EE-8A3ABA5180D6}.Release|Any CPU.ActiveCfg = Release|Any CPU
		{974E1682-B7B5-4781-A6EE-8A3ABA5180D6}.Release|Any CPU.Build.0 = Release|Any CPU
		{7AADBDEF-6E4A-4D90-B138-F79D20BD5B90}.Debug|Any CPU.ActiveCfg = Debug|Any CPU
		{7AADBDEF-6E4A-4D90-B138-F79D20BD5B90}.Debug|Any CPU.Build.0 = Debug|Any CPU
		{7AADBDEF-6E4A-4D90-B138-F79D20BD5B90}.Release|Any CPU.ActiveCfg = Release|Any CPU
		{7AADBDEF-6E4A-4D90-B138-F79D20BD5B90}.Release|Any CPU.Build.0 = Release|Any CPU
	EndGlobalSection
	GlobalSection(SolutionProperties) = preSolution
		HideSolutionNode = FALSE
	EndGlobalSection
	GlobalSection(ExtensibilityGlobals) = postSolution
		SolutionGuid = {5B265926-2DB2-4818-B281-C7735B415936}
	EndGlobalSection
EndGlobal
