
Microsoft Visual Studio Solution File, Format Version 12.00
# Visual Studio Version 17
VisualStudioVersion = 17.7.34024.191
MinimumVisualStudioVersion = 10.0.40219.1
Project("{FAE04EC0-301F-11D3-BF4B-00C04F79EFBC}") = "Self01", "Self01\Self01.csproj", "{F8B15BB4-20F7-4AE7-B746-DD975A913949}"
EndProject
Project("{FAE04EC0-301F-11D3-BF4B-00C04F79EFBC}") = "Self07", "Self07\Self07.csproj", "{AF9132DE-92A7-4CEA-806E-35CFD34F7C04}"
EndProject
Global
	GlobalSection(SolutionConfigurationPlatforms) = preSolution
		Debug|Any CPU = Debug|Any CPU
		Release|Any CPU = Release|Any CPU
	EndGlobalSection
	GlobalSection(ProjectConfigurationPlatforms) = postSolution
		{F8B15BB4-20F7-4AE7-B746-DD975A913949}.Debug|Any CPU.ActiveCfg = Debug|Any CPU
		{F8B15BB4-20F7-4AE7-B746-DD975A913949}.Debug|Any CPU.Build.0 = Debug|Any CPU
		{F8B15BB4-20F7-4AE7-B746-DD975A913949}.Release|Any CPU.ActiveCfg = Release|Any CPU
		{F8B15BB4-20F7-4AE7-B746-DD975A913949}.Release|Any CPU.Build.0 = Release|Any CPU
		{AF9132DE-92A7-4CEA-806E-35CFD34F7C04}.Debug|Any CPU.ActiveCfg = Debug|Any CPU
		{AF9132DE-92A7-4CEA-806E-35CFD34F7C04}.Debug|Any CPU.Build.0 = Debug|Any CPU
		{AF9132DE-92A7-4CEA-806E-35CFD34F7C04}.Release|Any CPU.ActiveCfg = Release|Any CPU
		{AF9132DE-92A7-4CEA-806E-35CFD34F7C04}.Release|Any CPU.Build.0 = Release|Any CPU
	EndGlobalSection
	GlobalSection(SolutionProperties) = preSolution
		HideSolutionNode = FALSE
	EndGlobalSection
	GlobalSection(ExtensibilityGlobals) = postSolution
		SolutionGuid = {6260A10D-496C-4DAC-ACD6-7FF30EAA8791}
	EndGlobalSection
EndGlobal
