
Microsoft Visual Studio Solution File, Format Version 12.00
# Visual Studio Version 17
VisualStudioVersion = 17.2.32630.192
MinimumVisualStudioVersion = 10.0.40219.1
Project("{FAE04EC0-301F-11D3-BF4B-00C04F79EFBC}") = "ConsoleApp1", "ConsoleApp1\ConsoleApp1.csproj", "{ABE25AD5-3B31-4A13-BA16-A157DF558C8D}"
EndProject
Project("{FAE04EC0-301F-11D3-BF4B-00C04F79EFBC}") = "ConsoleApp2", "ConsoleApp2\ConsoleApp2.csproj", "{6AE498F1-5086-47B4-ACB7-AE19D43FD1CB}"
EndProject
Project("{FAE04EC0-301F-11D3-BF4B-00C04F79EFBC}") = "Self04", "Self04\Self04.csproj", "{84A2687C-B9D2-4544-930C-90863AB5F493}"
EndProject
Global
	GlobalSection(SolutionConfigurationPlatforms) = preSolution
		Debug|Any CPU = Debug|Any CPU
		Release|Any CPU = Release|Any CPU
	EndGlobalSection
	GlobalSection(ProjectConfigurationPlatforms) = postSolution
		{ABE25AD5-3B31-4A13-BA16-A157DF558C8D}.Debug|Any CPU.ActiveCfg = Debug|Any CPU
		{ABE25AD5-3B31-4A13-BA16-A157DF558C8D}.Debug|Any CPU.Build.0 = Debug|Any CPU
		{ABE25AD5-3B31-4A13-BA16-A157DF558C8D}.Release|Any CPU.ActiveCfg = Release|Any CPU
		{ABE25AD5-3B31-4A13-BA16-A157DF558C8D}.Release|Any CPU.Build.0 = Release|Any CPU
		{6AE498F1-5086-47B4-ACB7-AE19D43FD1CB}.Debug|Any CPU.ActiveCfg = Debug|Any CPU
		{6AE498F1-5086-47B4-ACB7-AE19D43FD1CB}.Debug|Any CPU.Build.0 = Debug|Any CPU
		{6AE498F1-5086-47B4-ACB7-AE19D43FD1CB}.Release|Any CPU.ActiveCfg = Release|Any CPU
		{6AE498F1-5086-47B4-ACB7-AE19D43FD1CB}.Release|Any CPU.Build.0 = Release|Any CPU
		{84A2687C-B9D2-4544-930C-90863AB5F493}.Debug|Any CPU.ActiveCfg = Debug|Any CPU
		{84A2687C-B9D2-4544-930C-90863AB5F493}.Debug|Any CPU.Build.0 = Debug|Any CPU
		{84A2687C-B9D2-4544-930C-90863AB5F493}.Release|Any CPU.ActiveCfg = Release|Any CPU
		{84A2687C-B9D2-4544-930C-90863AB5F493}.Release|Any CPU.Build.0 = Release|Any CPU
	EndGlobalSection
	GlobalSection(SolutionProperties) = preSolution
		HideSolutionNode = FALSE
	EndGlobalSection
	GlobalSection(ExtensibilityGlobals) = postSolution
		SolutionGuid = {7B8D15D8-F556-47BE-8649-F4F85E2D28D3}
	EndGlobalSection
EndGlobal
