
Microsoft Visual Studio Solution File, Format Version 12.00
# Visual Studio Version 17
VisualStudioVersion = 17.2.32630.192
MinimumVisualStudioVersion = 10.0.40219.1
Project("{9A19103F-16F7-4668-BE54-9A1E7A4F7556}") = "ConsoleApp1", "ConsoleApp1\ConsoleApp1.csproj", "{ABE25AD5-3B31-4A13-BA16-A157DF558C8D}"
EndProject
Project("{9A19103F-16F7-4668-BE54-9A1E7A4F7556}") = "ConsoleApp2", "ConsoleApp2\ConsoleApp2.csproj", "{6AE498F1-5086-47B4-ACB7-AE19D43FD1CB}"
EndProject
Project("{9A19103F-16F7-4668-BE54-9A1E7A4F7556}") = "Self04", "Self04\Self04.csproj", "{84A2687C-B9D2-4544-930C-90863AB5F493}"
EndProject
Project("{FAE04EC0-301F-11D3-BF4B-00C04F79EFBC}") = "Extra1", "Extra1\Extra1.csproj", "{77284251-EA55-4AF5-8420-5C630155345F}"
EndProject
Project("{FAE04EC0-301F-11D3-BF4B-00C04F79EFBC}") = "Extra2", "Extra2\Extra2.csproj", "{D4E396B3-BA2E-4CA9-85C6-0C54FA06A4D3}"
EndProject
Project("{FAE04EC0-301F-11D3-BF4B-00C04F79EFBC}") = "Extra3", "Extra3\Extra3.csproj", "{07D3EE14-A143-4717-9EFD-683C38780C25}"
EndProject
Global
	GlobalSection(SolutionConfigurationPlatforms) = preSolution
		Debug|Any CPU = Debug|Any CPU
		Release|Any CPU = Release|Any CPU
	EndGlobalSection
	GlobalSection(ProjectConfigurationPlatforms) = postSolution
		{ABE25AD5-3B31-4A13-BA16-A157DF558C8D}.Debug|Any CPU.ActiveCfg = Debug|Any CPU
		{ABE25AD5-3B31-4A13-BA16-A157DF558C8D}.Debug|Any CPU.Build.0 = Debug|Any CPU
		{ABE25AD5-3B31-4A13-BA16-A157DF558C8D}.Release|Any CPU.ActiveCfg = Release|Any CPU
		{ABE25AD5-3B31-4A13-BA16-A157DF558C8D}.Release|Any CPU.Build.0 = Release|Any CPU
		{6AE498F1-5086-47B4-ACB7-AE19D43FD1CB}.Debug|Any CPU.ActiveCfg = Debug|Any CPU
		{6AE498F1-5086-47B4-ACB7-AE19D43FD1CB}.Debug|Any CPU.Build.0 = Debug|Any CPU
		{6AE498F1-5086-47B4-ACB7-AE19D43FD1CB}.Release|Any CPU.ActiveCfg = Release|Any CPU
		{6AE498F1-5086-47B4-ACB7-AE19D43FD1CB}.Release|Any CPU.Build.0 = Release|Any CPU
		{84A2687C-B9D2-4544-930C-90863AB5F493}.Debug|Any CPU.ActiveCfg = Debug|Any CPU
		{84A2687C-B9D2-4544-930C-90863AB5F493}.Debug|Any CPU.Build.0 = Debug|Any CPU
		{84A2687C-B9D2-4544-930C-90863AB5F493}.Release|Any CPU.ActiveCfg = Release|Any CPU
		{84A2687C-B9D2-4544-930C-90863AB5F493}.Release|Any CPU.Build.0 = Release|Any CPU
		{77284251-EA55-4AF5-8420-5C630155345F}.Debug|Any CPU.ActiveCfg = Debug|Any CPU
		{77284251-EA55-4AF5-8420-5C630155345F}.Debug|Any CPU.Build.0 = Debug|Any CPU
		{77284251-EA55-4AF5-8420-5C630155345F}.Release|Any CPU.ActiveCfg = Release|Any CPU
		{77284251-EA55-4AF5-8420-5C630155345F}.Release|Any CPU.Build.0 = Release|Any CPU
		{D4E396B3-BA2E-4CA9-85C6-0C54FA06A4D3}.Debug|Any CPU.ActiveCfg = Debug|Any CPU
		{D4E396B3-BA2E-4CA9-85C6-0C54FA06A4D3}.Debug|Any CPU.Build.0 = Debug|Any CPU
		{D4E396B3-BA2E-4CA9-85C6-0C54FA06A4D3}.Release|Any CPU.ActiveCfg = Release|Any CPU
		{D4E396B3-BA2E-4CA9-85C6-0C54FA06A4D3}.Release|Any CPU.Build.0 = Release|Any CPU
		{07D3EE14-A143-4717-9EFD-683C38780C25}.Debug|Any CPU.ActiveCfg = Debug|Any CPU
		{07D3EE14-A143-4717-9EFD-683C38780C25}.Debug|Any CPU.Build.0 = Debug|Any CPU
		{07D3EE14-A143-4717-9EFD-683C38780C25}.Release|Any CPU.ActiveCfg = Release|Any CPU
		{07D3EE14-A143-4717-9EFD-683C38780C25}.Release|Any CPU.Build.0 = Release|Any CPU
	EndGlobalSection
	GlobalSection(SolutionProperties) = preSolution
		HideSolutionNode = FALSE
	EndGlobalSection
	GlobalSection(ExtensibilityGlobals) = postSolution
		SolutionGuid = {7B8D15D8-F556-47BE-8649-F4F85E2D28D3}
	EndGlobalSection
EndGlobal
